// !$*UTF8*$!
{
	archiveVersion = 1;
	classes = {
	};
	objectVersion = 50;
	objects = {

/* Begin PBXBuildFile section */
		997EBAB74F2CEDB6081FBD83 /* Pods_CalendaryTests.framework in Frameworks */ = {isa = PBXBuildFile; fileRef = CD8A0495B9B8082328930E5E /* Pods_CalendaryTests.framework */; };
		9A5615DBD6F245CEBFBE02BA /* Pods_Calendary.framework in Frameworks */ = {isa = PBXBuildFile; fileRef = 07F309E9ECDF112206C2A48E /* Pods_Calendary.framework */; };
		E014FE986426A28549D14A6A /* Pods_Calendary_CalendaryUITests.framework in Frameworks */ = {isa = PBXBuildFile; fileRef = 37F9CCA5B71D093071A8D611 /* Pods_Calendary_CalendaryUITests.framework */; };
		EA3A3C8C25FDE2AB00A69A4B /* AppDelegate.swift in Sources */ = {isa = PBXBuildFile; fileRef = EA3A3C8B25FDE2AB00A69A4B /* AppDelegate.swift */; };
		EA3A3C8E25FDE2AB00A69A4B /* SceneDelegate.swift in Sources */ = {isa = PBXBuildFile; fileRef = EA3A3C8D25FDE2AB00A69A4B /* SceneDelegate.swift */; };
		EA3A3C9025FDE2AB00A69A4B /* ViewController.swift in Sources */ = {isa = PBXBuildFile; fileRef = EA3A3C8F25FDE2AB00A69A4B /* ViewController.swift */; };
		EA3A3C9325FDE2AB00A69A4B /* Main.storyboard in Resources */ = {isa = PBXBuildFile; fileRef = EA3A3C9125FDE2AB00A69A4B /* Main.storyboard */; };
		EA3A3C9525FDE2AD00A69A4B /* Assets.xcassets in Resources */ = {isa = PBXBuildFile; fileRef = EA3A3C9425FDE2AD00A69A4B /* Assets.xcassets */; };
		EA3A3C9825FDE2AD00A69A4B /* LaunchScreen.storyboard in Resources */ = {isa = PBXBuildFile; fileRef = EA3A3C9625FDE2AD00A69A4B /* LaunchScreen.storyboard */; };
		EA3A3CA325FDE2AD00A69A4B /* CalendaryTests.swift in Sources */ = {isa = PBXBuildFile; fileRef = EA3A3CA225FDE2AD00A69A4B /* CalendaryTests.swift */; };
		EA3A3CAE25FDE2AD00A69A4B /* CalendaryUITests.swift in Sources */ = {isa = PBXBuildFile; fileRef = EA3A3CAD25FDE2AD00A69A4B /* CalendaryUITests.swift */; };
/* End PBXBuildFile section */

/* Begin PBXContainerItemProxy section */
		EA3A3C9F25FDE2AD00A69A4B /* PBXContainerItemProxy */ = {
			isa = PBXContainerItemProxy;
			containerPortal = EA3A3C8025FDE2AB00A69A4B /* Project object */;
			proxyType = 1;
			remoteGlobalIDString = EA3A3C8725FDE2AB00A69A4B;
			remoteInfo = Calendary;
		};
		EA3A3CAA25FDE2AD00A69A4B /* PBXContainerItemProxy */ = {
			isa = PBXContainerItemProxy;
			containerPortal = EA3A3C8025FDE2AB00A69A4B /* Project object */;
			proxyType = 1;
			remoteGlobalIDString = EA3A3C8725FDE2AB00A69A4B;
			remoteInfo = Calendary;
		};
/* End PBXContainerItemProxy section */

/* Begin PBXFileReference section */
		07F309E9ECDF112206C2A48E /* Pods_Calendary.framework */ = {isa = PBXFileReference; explicitFileType = wrapper.framework; includeInIndex = 0; path = Pods_Calendary.framework; sourceTree = BUILT_PRODUCTS_DIR; };
		13CAD1C68DA75957170EE0E7 /* Pods-CalendaryTests.release.xcconfig */ = {isa = PBXFileReference; includeInIndex = 1; lastKnownFileType = text.xcconfig; name = "Pods-CalendaryTests.release.xcconfig"; path = "Target Support Files/Pods-CalendaryTests/Pods-CalendaryTests.release.xcconfig"; sourceTree = "<group>"; };
		186D220F19DB001E2CFE2DAA /* Pods-Calendary.release.xcconfig */ = {isa = PBXFileReference; includeInIndex = 1; lastKnownFileType = text.xcconfig; name = "Pods-Calendary.release.xcconfig"; path = "Target Support Files/Pods-Calendary/Pods-Calendary.release.xcconfig"; sourceTree = "<group>"; };
		36379A1A894D4B5B4AAC6283 /* Pods-Calendary-CalendaryUITests.debug.xcconfig */ = {isa = PBXFileReference; includeInIndex = 1; lastKnownFileType = text.xcconfig; name = "Pods-Calendary-CalendaryUITests.debug.xcconfig"; path = "Target Support Files/Pods-Calendary-CalendaryUITests/Pods-Calendary-CalendaryUITests.debug.xcconfig"; sourceTree = "<group>"; };
		37F9CCA5B71D093071A8D611 /* Pods_Calendary_CalendaryUITests.framework */ = {isa = PBXFileReference; explicitFileType = wrapper.framework; includeInIndex = 0; path = Pods_Calendary_CalendaryUITests.framework; sourceTree = BUILT_PRODUCTS_DIR; };
		506B816617693A5780DD20F3 /* Pods-CalendaryTests.debug.xcconfig */ = {isa = PBXFileReference; includeInIndex = 1; lastKnownFileType = text.xcconfig; name = "Pods-CalendaryTests.debug.xcconfig"; path = "Target Support Files/Pods-CalendaryTests/Pods-CalendaryTests.debug.xcconfig"; sourceTree = "<group>"; };
		959B6DC2AB6D3FB846026791 /* Pods-Calendary.debug.xcconfig */ = {isa = PBXFileReference; includeInIndex = 1; lastKnownFileType = text.xcconfig; name = "Pods-Calendary.debug.xcconfig"; path = "Target Support Files/Pods-Calendary/Pods-Calendary.debug.xcconfig"; sourceTree = "<group>"; };
		CD8A0495B9B8082328930E5E /* Pods_CalendaryTests.framework */ = {isa = PBXFileReference; explicitFileType = wrapper.framework; includeInIndex = 0; path = Pods_CalendaryTests.framework; sourceTree = BUILT_PRODUCTS_DIR; };
		DC06587B6FCDD71F4A18A48B /* Pods-Calendary-CalendaryUITests.release.xcconfig */ = {isa = PBXFileReference; includeInIndex = 1; lastKnownFileType = text.xcconfig; name = "Pods-Calendary-CalendaryUITests.release.xcconfig"; path = "Target Support Files/Pods-Calendary-CalendaryUITests/Pods-Calendary-CalendaryUITests.release.xcconfig"; sourceTree = "<group>"; };
		EA3A3C8825FDE2AB00A69A4B /* Calendary.app */ = {isa = PBXFileReference; explicitFileType = wrapper.application; includeInIndex = 0; path = Calendary.app; sourceTree = BUILT_PRODUCTS_DIR; };
		EA3A3C8B25FDE2AB00A69A4B /* AppDelegate.swift */ = {isa = PBXFileReference; lastKnownFileType = sourcecode.swift; path = AppDelegate.swift; sourceTree = "<group>"; };
		EA3A3C8D25FDE2AB00A69A4B /* SceneDelegate.swift */ = {isa = PBXFileReference; lastKnownFileType = sourcecode.swift; path = SceneDelegate.swift; sourceTree = "<group>"; };
		EA3A3C8F25FDE2AB00A69A4B /* ViewController.swift */ = {isa = PBXFileReference; lastKnownFileType = sourcecode.swift; path = ViewController.swift; sourceTree = "<group>"; };
		EA3A3C9225FDE2AB00A69A4B /* Base */ = {isa = PBXFileReference; lastKnownFileType = file.storyboard; name = Base; path = Base.lproj/Main.storyboard; sourceTree = "<group>"; };
		EA3A3C9425FDE2AD00A69A4B /* Assets.xcassets */ = {isa = PBXFileReference; lastKnownFileType = folder.assetcatalog; path = Assets.xcassets; sourceTree = "<group>"; };
		EA3A3C9725FDE2AD00A69A4B /* Base */ = {isa = PBXFileReference; lastKnownFileType = file.storyboard; name = Base; path = Base.lproj/LaunchScreen.storyboard; sourceTree = "<group>"; };
		EA3A3C9925FDE2AD00A69A4B /* Info.plist */ = {isa = PBXFileReference; lastKnownFileType = text.plist.xml; path = Info.plist; sourceTree = "<group>"; };
		EA3A3C9E25FDE2AD00A69A4B /* CalendaryTests.xctest */ = {isa = PBXFileReference; explicitFileType = wrapper.cfbundle; includeInIndex = 0; path = CalendaryTests.xctest; sourceTree = BUILT_PRODUCTS_DIR; };
		EA3A3CA225FDE2AD00A69A4B /* CalendaryTests.swift */ = {isa = PBXFileReference; lastKnownFileType = sourcecode.swift; path = CalendaryTests.swift; sourceTree = "<group>"; };
		EA3A3CA425FDE2AD00A69A4B /* Info.plist */ = {isa = PBXFileReference; lastKnownFileType = text.plist.xml; path = Info.plist; sourceTree = "<group>"; };
		EA3A3CA925FDE2AD00A69A4B /* CalendaryUITests.xctest */ = {isa = PBXFileReference; explicitFileType = wrapper.cfbundle; includeInIndex = 0; path = CalendaryUITests.xctest; sourceTree = BUILT_PRODUCTS_DIR; };
		EA3A3CAD25FDE2AD00A69A4B /* CalendaryUITests.swift */ = {isa = PBXFileReference; lastKnownFileType = sourcecode.swift; path = CalendaryUITests.swift; sourceTree = "<group>"; };
		EA3A3CAF25FDE2AD00A69A4B /* Info.plist */ = {isa = PBXFileReference; lastKnownFileType = text.plist.xml; path = Info.plist; sourceTree = "<group>"; };
/* End PBXFileReference section */

/* Begin PBXFrameworksBuildPhase section */
		EA3A3C8525FDE2AB00A69A4B /* Frameworks */ = {
			isa = PBXFrameworksBuildPhase;
			buildActionMask = 2147483647;
			files = (
				9A5615DBD6F245CEBFBE02BA /* Pods_Calendary.framework in Frameworks */,
			);
			runOnlyForDeploymentPostprocessing = 0;
		};
		EA3A3C9B25FDE2AD00A69A4B /* Frameworks */ = {
			isa = PBXFrameworksBuildPhase;
			buildActionMask = 2147483647;
			files = (
				997EBAB74F2CEDB6081FBD83 /* Pods_CalendaryTests.framework in Frameworks */,
			);
			runOnlyForDeploymentPostprocessing = 0;
		};
		EA3A3CA625FDE2AD00A69A4B /* Frameworks */ = {
			isa = PBXFrameworksBuildPhase;
			buildActionMask = 2147483647;
			files = (
				E014FE986426A28549D14A6A /* Pods_Calendary_CalendaryUITests.framework in Frameworks */,
			);
			runOnlyForDeploymentPostprocessing = 0;
		};
/* End PBXFrameworksBuildPhase section */

/* Begin PBXGroup section */
		CA69DCCE509A74EEA8E5EE07 /* Pods */ = {
			isa = PBXGroup;
			children = (
				959B6DC2AB6D3FB846026791 /* Pods-Calendary.debug.xcconfig */,
				186D220F19DB001E2CFE2DAA /* Pods-Calendary.release.xcconfig */,
				36379A1A894D4B5B4AAC6283 /* Pods-Calendary-CalendaryUITests.debug.xcconfig */,
				DC06587B6FCDD71F4A18A48B /* Pods-Calendary-CalendaryUITests.release.xcconfig */,
				506B816617693A5780DD20F3 /* Pods-CalendaryTests.debug.xcconfig */,
				13CAD1C68DA75957170EE0E7 /* Pods-CalendaryTests.release.xcconfig */,
			);
			name = Pods;
			path = Pods;
			sourceTree = "<group>";
		};
		E9450758D3C64527F94DB8A5 /* Frameworks */ = {
			isa = PBXGroup;
			children = (
				07F309E9ECDF112206C2A48E /* Pods_Calendary.framework */,
				37F9CCA5B71D093071A8D611 /* Pods_Calendary_CalendaryUITests.framework */,
				CD8A0495B9B8082328930E5E /* Pods_CalendaryTests.framework */,
			);
			name = Frameworks;
			sourceTree = "<group>";
		};
		EA3A3C7F25FDE2AB00A69A4B = {
			isa = PBXGroup;
			children = (
				EA3A3C8A25FDE2AB00A69A4B /* Calendary */,
				EA3A3CA125FDE2AD00A69A4B /* CalendaryTests */,
				EA3A3CAC25FDE2AD00A69A4B /* CalendaryUITests */,
				EA3A3C8925FDE2AB00A69A4B /* Products */,
				CA69DCCE509A74EEA8E5EE07 /* Pods */,
				E9450758D3C64527F94DB8A5 /* Frameworks */,
			);
			sourceTree = "<group>";
		};
		EA3A3C8925FDE2AB00A69A4B /* Products */ = {
			isa = PBXGroup;
			children = (
				EA3A3C8825FDE2AB00A69A4B /* Calendary.app */,
				EA3A3C9E25FDE2AD00A69A4B /* CalendaryTests.xctest */,
				EA3A3CA925FDE2AD00A69A4B /* CalendaryUITests.xctest */,
			);
			name = Products;
			sourceTree = "<group>";
		};
		EA3A3C8A25FDE2AB00A69A4B /* Calendary */ = {
			isa = PBXGroup;
			children = (
				EA3A3C8B25FDE2AB00A69A4B /* AppDelegate.swift */,
				EA3A3C8D25FDE2AB00A69A4B /* SceneDelegate.swift */,
				EA3A3C8F25FDE2AB00A69A4B /* ViewController.swift */,
				EA3A3C9125FDE2AB00A69A4B /* Main.storyboard */,
				EA3A3C9425FDE2AD00A69A4B /* Assets.xcassets */,
				EA3A3C9625FDE2AD00A69A4B /* LaunchScreen.storyboard */,
				EA3A3C9925FDE2AD00A69A4B /* Info.plist */,
			);
			path = Calendary;
			sourceTree = "<group>";
		};
		EA3A3CA125FDE2AD00A69A4B /* CalendaryTests */ = {
			isa = PBXGroup;
			children = (
				EA3A3CA225FDE2AD00A69A4B /* CalendaryTests.swift */,
				EA3A3CA425FDE2AD00A69A4B /* Info.plist */,
			);
			path = CalendaryTests;
			sourceTree = "<group>";
		};
		EA3A3CAC25FDE2AD00A69A4B /* CalendaryUITests */ = {
			isa = PBXGroup;
			children = (
				EA3A3CAD25FDE2AD00A69A4B /* CalendaryUITests.swift */,
				EA3A3CAF25FDE2AD00A69A4B /* Info.plist */,
			);
			path = CalendaryUITests;
			sourceTree = "<group>";
		};
/* End PBXGroup section */

/* Begin PBXNativeTarget section */
		EA3A3C8725FDE2AB00A69A4B /* Calendary */ = {
			isa = PBXNativeTarget;
			buildConfigurationList = EA3A3CB225FDE2AD00A69A4B /* Build configuration list for PBXNativeTarget "Calendary" */;
			buildPhases = (
				E6096F0FC5591FAA13F0DB1F /* [CP] Check Pods Manifest.lock */,
				EA3A3C8425FDE2AB00A69A4B /* Sources */,
				EA3A3C8525FDE2AB00A69A4B /* Frameworks */,
				EA3A3C8625FDE2AB00A69A4B /* Resources */,
				F22289D9F7928F3022D2F67F /* [CP] Embed Pods Frameworks */,
				EC8E37800B6D53B5C005A2B2 /* [CP] Copy Pods Resources */,
			);
			buildRules = (
			);
			dependencies = (
			);
			name = Calendary;
			productName = Calendary;
			productReference = EA3A3C8825FDE2AB00A69A4B /* Calendary.app */;
			productType = "com.apple.product-type.application";
		};
		EA3A3C9D25FDE2AD00A69A4B /* CalendaryTests */ = {
			isa = PBXNativeTarget;
			buildConfigurationList = EA3A3CB525FDE2AD00A69A4B /* Build configuration list for PBXNativeTarget "CalendaryTests" */;
			buildPhases = (
				E1797A56B0DC4BAE4505558F /* [CP] Check Pods Manifest.lock */,
				EA3A3C9A25FDE2AD00A69A4B /* Sources */,
				EA3A3C9B25FDE2AD00A69A4B /* Frameworks */,
				EA3A3C9C25FDE2AD00A69A4B /* Resources */,
			);
			buildRules = (
			);
			dependencies = (
				EA3A3CA025FDE2AD00A69A4B /* PBXTargetDependency */,
			);
			name = CalendaryTests;
			productName = CalendaryTests;
			productReference = EA3A3C9E25FDE2AD00A69A4B /* CalendaryTests.xctest */;
			productType = "com.apple.product-type.bundle.unit-test";
		};
		EA3A3CA825FDE2AD00A69A4B /* CalendaryUITests */ = {
			isa = PBXNativeTarget;
			buildConfigurationList = EA3A3CB825FDE2AD00A69A4B /* Build configuration list for PBXNativeTarget "CalendaryUITests" */;
			buildPhases = (
				2DA645373DBDD1AEC875321F /* [CP] Check Pods Manifest.lock */,
				EA3A3CA525FDE2AD00A69A4B /* Sources */,
				EA3A3CA625FDE2AD00A69A4B /* Frameworks */,
				EA3A3CA725FDE2AD00A69A4B /* Resources */,
				E0084F138365B0D0D2B1FD39 /* [CP] Embed Pods Frameworks */,
				C3CA508A3B42EF0DD7BF6742 /* [CP] Copy Pods Resources */,
			);
			buildRules = (
			);
			dependencies = (
				EA3A3CAB25FDE2AD00A69A4B /* PBXTargetDependency */,
			);
			name = CalendaryUITests;
			productName = CalendaryUITests;
			productReference = EA3A3CA925FDE2AD00A69A4B /* CalendaryUITests.xctest */;
			productType = "com.apple.product-type.bundle.ui-testing";
		};
/* End PBXNativeTarget section */

/* Begin PBXProject section */
		EA3A3C8025FDE2AB00A69A4B /* Project object */ = {
			isa = PBXProject;
			attributes = {
				LastSwiftUpdateCheck = 1240;
				LastUpgradeCheck = 1240;
				TargetAttributes = {
					EA3A3C8725FDE2AB00A69A4B = {
						CreatedOnToolsVersion = 12.4;
					};
					EA3A3C9D25FDE2AD00A69A4B = {
						CreatedOnToolsVersion = 12.4;
						TestTargetID = EA3A3C8725FDE2AB00A69A4B;
					};
					EA3A3CA825FDE2AD00A69A4B = {
						CreatedOnToolsVersion = 12.4;
						TestTargetID = EA3A3C8725FDE2AB00A69A4B;
					};
				};
			};
			buildConfigurationList = EA3A3C8325FDE2AB00A69A4B /* Build configuration list for PBXProject "Calendary" */;
			compatibilityVersion = "Xcode 9.3";
			developmentRegion = en;
			hasScannedForEncodings = 0;
			knownRegions = (
				en,
				Base,
			);
			mainGroup = EA3A3C7F25FDE2AB00A69A4B;
			productRefGroup = EA3A3C8925FDE2AB00A69A4B /* Products */;
			projectDirPath = "";
			projectRoot = "";
			targets = (
				EA3A3C8725FDE2AB00A69A4B /* Calendary */,
				EA3A3C9D25FDE2AD00A69A4B /* CalendaryTests */,
				EA3A3CA825FDE2AD00A69A4B /* CalendaryUITests */,
			);
		};
/* End PBXProject section */

/* Begin PBXResourcesBuildPhase section */
		EA3A3C8625FDE2AB00A69A4B /* Resources */ = {
			isa = PBXResourcesBuildPhase;
			buildActionMask = 2147483647;
			files = (
				EA3A3C9825FDE2AD00A69A4B /* LaunchScreen.storyboard in Resources */,
				EA3A3C9525FDE2AD00A69A4B /* Assets.xcassets in Resources */,
				EA3A3C9325FDE2AB00A69A4B /* Main.storyboard in Resources */,
			);
			runOnlyForDeploymentPostprocessing = 0;
		};
		EA3A3C9C25FDE2AD00A69A4B /* Resources */ = {
			isa = PBXResourcesBuildPhase;
			buildActionMask = 2147483647;
			files = (
			);
			runOnlyForDeploymentPostprocessing = 0;
		};
		EA3A3CA725FDE2AD00A69A4B /* Resources */ = {
			isa = PBXResourcesBuildPhase;
			buildActionMask = 2147483647;
			files = (
			);
			runOnlyForDeploymentPostprocessing = 0;
		};
/* End PBXResourcesBuildPhase section */

/* Begin PBXShellScriptBuildPhase section */
		2DA645373DBDD1AEC875321F /* [CP] Check Pods Manifest.lock */ = {
			isa = PBXShellScriptBuildPhase;
			buildActionMask = 2147483647;
			files = (
			);
			inputFileListPaths = (
			);
			inputPaths = (
				"${PODS_PODFILE_DIR_PATH}/Podfile.lock",
				"${PODS_ROOT}/Manifest.lock",
			);
			name = "[CP] Check Pods Manifest.lock";
			outputFileListPaths = (
			);
			outputPaths = (
				"$(DERIVED_FILE_DIR)/Pods-Calendary-CalendaryUITests-checkManifestLockResult.txt",
			);
			runOnlyForDeploymentPostprocessing = 0;
			shellPath = /bin/sh;
			shellScript = "diff \"${PODS_PODFILE_DIR_PATH}/Podfile.lock\" \"${PODS_ROOT}/Manifest.lock\" > /dev/null\nif [ $? != 0 ] ; then\n    # print error to STDERR\n    echo \"error: The sandbox is not in sync with the Podfile.lock. Run 'pod install' or update your CocoaPods installation.\" >&2\n    exit 1\nfi\n# This output is used by Xcode 'outputs' to avoid re-running this script phase.\necho \"SUCCESS\" > \"${SCRIPT_OUTPUT_FILE_0}\"\n";
			showEnvVarsInLog = 0;
		};
		C3CA508A3B42EF0DD7BF6742 /* [CP] Copy Pods Resources */ = {
			isa = PBXShellScriptBuildPhase;
			buildActionMask = 2147483647;
			files = (
			);
			inputFileListPaths = (
				"${PODS_ROOT}/Target Support Files/Pods-Calendary-CalendaryUITests/Pods-Calendary-CalendaryUITests-resources-${CONFIGURATION}-input-files.xcfilelist",
			);
			name = "[CP] Copy Pods Resources";
			outputFileListPaths = (
				"${PODS_ROOT}/Target Support Files/Pods-Calendary-CalendaryUITests/Pods-Calendary-CalendaryUITests-resources-${CONFIGURATION}-output-files.xcfilelist",
			);
			runOnlyForDeploymentPostprocessing = 0;
			shellPath = /bin/sh;
			shellScript = "\"${PODS_ROOT}/Target Support Files/Pods-Calendary-CalendaryUITests/Pods-Calendary-CalendaryUITests-resources.sh\"\n";
			showEnvVarsInLog = 0;
		};
		E0084F138365B0D0D2B1FD39 /* [CP] Embed Pods Frameworks */ = {
			isa = PBXShellScriptBuildPhase;
			buildActionMask = 2147483647;
			files = (
			);
			inputFileListPaths = (
				"${PODS_ROOT}/Target Support Files/Pods-Calendary-CalendaryUITests/Pods-Calendary-CalendaryUITests-frameworks-${CONFIGURATION}-input-files.xcfilelist",
			);
			name = "[CP] Embed Pods Frameworks";
			outputFileListPaths = (
				"${PODS_ROOT}/Target Support Files/Pods-Calendary-CalendaryUITests/Pods-Calendary-CalendaryUITests-frameworks-${CONFIGURATION}-output-files.xcfilelist",
			);
			runOnlyForDeploymentPostprocessing = 0;
			shellPath = /bin/sh;
			shellScript = "\"${PODS_ROOT}/Target Support Files/Pods-Calendary-CalendaryUITests/Pods-Calendary-CalendaryUITests-frameworks.sh\"\n";
			showEnvVarsInLog = 0;
		};
		E1797A56B0DC4BAE4505558F /* [CP] Check Pods Manifest.lock */ = {
			isa = PBXShellScriptBuildPhase;
			buildActionMask = 2147483647;
			files = (
			);
			inputFileListPaths = (
			);
			inputPaths = (
				"${PODS_PODFILE_DIR_PATH}/Podfile.lock",
				"${PODS_ROOT}/Manifest.lock",
			);
			name = "[CP] Check Pods Manifest.lock";
			outputFileListPaths = (
			);
			outputPaths = (
				"$(DERIVED_FILE_DIR)/Pods-CalendaryTests-checkManifestLockResult.txt",
			);
			runOnlyForDeploymentPostprocessing = 0;
			shellPath = /bin/sh;
			shellScript = "diff \"${PODS_PODFILE_DIR_PATH}/Podfile.lock\" \"${PODS_ROOT}/Manifest.lock\" > /dev/null\nif [ $? != 0 ] ; then\n    # print error to STDERR\n    echo \"error: The sandbox is not in sync with the Podfile.lock. Run 'pod install' or update your CocoaPods installation.\" >&2\n    exit 1\nfi\n# This output is used by Xcode 'outputs' to avoid re-running this script phase.\necho \"SUCCESS\" > \"${SCRIPT_OUTPUT_FILE_0}\"\n";
			showEnvVarsInLog = 0;
		};
		E6096F0FC5591FAA13F0DB1F /* [CP] Check Pods Manifest.lock */ = {
			isa = PBXShellScriptBuildPhase;
			buildActionMask = 2147483647;
			files = (
			);
			inputFileListPaths = (
			);
			inputPaths = (
				"${PODS_PODFILE_DIR_PATH}/Podfile.lock",
				"${PODS_ROOT}/Manifest.lock",
			);
			name = "[CP] Check Pods Manifest.lock";
			outputFileListPaths = (
			);
			outputPaths = (
				"$(DERIVED_FILE_DIR)/Pods-Calendary-checkManifestLockResult.txt",
			);
			runOnlyForDeploymentPostprocessing = 0;
			shellPath = /bin/sh;
			shellScript = "diff \"${PODS_PODFILE_DIR_PATH}/Podfile.lock\" \"${PODS_ROOT}/Manifest.lock\" > /dev/null\nif [ $? != 0 ] ; then\n    # print error to STDERR\n    echo \"error: The sandbox is not in sync with the Podfile.lock. Run 'pod install' or update your CocoaPods installation.\" >&2\n    exit 1\nfi\n# This output is used by Xcode 'outputs' to avoid re-running this script phase.\necho \"SUCCESS\" > \"${SCRIPT_OUTPUT_FILE_0}\"\n";
			showEnvVarsInLog = 0;
		};
		EC8E37800B6D53B5C005A2B2 /* [CP] Copy Pods Resources */ = {
			isa = PBXShellScriptBuildPhase;
			buildActionMask = 2147483647;
			files = (
			);
			inputFileListPaths = (
				"${PODS_ROOT}/Target Support Files/Pods-Calendary/Pods-Calendary-resources-${CONFIGURATION}-input-files.xcfilelist",
			);
			name = "[CP] Copy Pods Resources";
			outputFileListPaths = (
				"${PODS_ROOT}/Target Support Files/Pods-Calendary/Pods-Calendary-resources-${CONFIGURATION}-output-files.xcfilelist",
			);
			runOnlyForDeploymentPostprocessing = 0;
			shellPath = /bin/sh;
			shellScript = "\"${PODS_ROOT}/Target Support Files/Pods-Calendary/Pods-Calendary-resources.sh\"\n";
			showEnvVarsInLog = 0;
		};
		F22289D9F7928F3022D2F67F /* [CP] Embed Pods Frameworks */ = {
			isa = PBXShellScriptBuildPhase;
			buildActionMask = 2147483647;
			files = (
			);
			inputFileListPaths = (
				"${PODS_ROOT}/Target Support Files/Pods-Calendary/Pods-Calendary-frameworks-${CONFIGURATION}-input-files.xcfilelist",
			);
			name = "[CP] Embed Pods Frameworks";
			outputFileListPaths = (
				"${PODS_ROOT}/Target Support Files/Pods-Calendary/Pods-Calendary-frameworks-${CONFIGURATION}-output-files.xcfilelist",
			);
			runOnlyForDeploymentPostprocessing = 0;
			shellPath = /bin/sh;
			shellScript = "\"${PODS_ROOT}/Target Support Files/Pods-Calendary/Pods-Calendary-frameworks.sh\"\n";
			showEnvVarsInLog = 0;
		};
/* End PBXShellScriptBuildPhase section */

/* Begin PBXSourcesBuildPhase section */
		EA3A3C8425FDE2AB00A69A4B /* Sources */ = {
			isa = PBXSourcesBuildPhase;
			buildActionMask = 2147483647;
			files = (
				EA3A3C9025FDE2AB00A69A4B /* ViewController.swift in Sources */,
				EA3A3C8C25FDE2AB00A69A4B /* AppDelegate.swift in Sources */,
				EA3A3C8E25FDE2AB00A69A4B /* SceneDelegate.swift in Sources */,
			);
			runOnlyForDeploymentPostprocessing = 0;
		};
		EA3A3C9A25FDE2AD00A69A4B /* Sources */ = {
			isa = PBXSourcesBuildPhase;
			buildActionMask = 2147483647;
			files = (
				EA3A3CA325FDE2AD00A69A4B /* CalendaryTests.swift in Sources */,
			);
			runOnlyForDeploymentPostprocessing = 0;
		};
		EA3A3CA525FDE2AD00A69A4B /* Sources */ = {
			isa = PBXSourcesBuildPhase;
			buildActionMask = 2147483647;
			files = (
				EA3A3CAE25FDE2AD00A69A4B /* CalendaryUITests.swift in Sources */,
			);
			runOnlyForDeploymentPostprocessing = 0;
		};
/* End PBXSourcesBuildPhase section */

/* Begin PBXTargetDependency section */
		EA3A3CA025FDE2AD00A69A4B /* PBXTargetDependency */ = {
			isa = PBXTargetDependency;
			target = EA3A3C8725FDE2AB00A69A4B /* Calendary */;
			targetProxy = EA3A3C9F25FDE2AD00A69A4B /* PBXContainerItemProxy */;
		};
		EA3A3CAB25FDE2AD00A69A4B /* PBXTargetDependency */ = {
			isa = PBXTargetDependency;
			target = EA3A3C8725FDE2AB00A69A4B /* Calendary */;
			targetProxy = EA3A3CAA25FDE2AD00A69A4B /* PBXContainerItemProxy */;
		};
/* End PBXTargetDependency section */

/* Begin PBXVariantGroup section */
		EA3A3C9125FDE2AB00A69A4B /* Main.storyboard */ = {
			isa = PBXVariantGroup;
			children = (
				EA3A3C9225FDE2AB00A69A4B /* Base */,
			);
			name = Main.storyboard;
			sourceTree = "<group>";
		};
		EA3A3C9625FDE2AD00A69A4B /* LaunchScreen.storyboard */ = {
			isa = PBXVariantGroup;
			children = (
				EA3A3C9725FDE2AD00A69A4B /* Base */,
			);
			name = LaunchScreen.storyboard;
			sourceTree = "<group>";
		};
/* End PBXVariantGroup section */

/* Begin XCBuildConfiguration section */
		EA3A3CB025FDE2AD00A69A4B /* Debug */ = {
			isa = XCBuildConfiguration;
			buildSettings = {
				ALWAYS_SEARCH_USER_PATHS = NO;
				CLANG_ANALYZER_NONNULL = YES;
				CLANG_ANALYZER_NUMBER_OBJECT_CONVERSION = YES_AGGRESSIVE;
				CLANG_CXX_LANGUAGE_STANDARD = "gnu++14";
				CLANG_CXX_LIBRARY = "libc++";
				CLANG_ENABLE_MODULES = YES;
				CLANG_ENABLE_OBJC_ARC = YES;
				CLANG_ENABLE_OBJC_WEAK = YES;
				CLANG_WARN_BLOCK_CAPTURE_AUTORELEASING = YES;
				CLANG_WARN_BOOL_CONVERSION = YES;
				CLANG_WARN_COMMA = YES;
				CLANG_WARN_CONSTANT_CONVERSION = YES;
				CLANG_WARN_DEPRECATED_OBJC_IMPLEMENTATIONS = YES;
				CLANG_WARN_DIRECT_OBJC_ISA_USAGE = YES_ERROR;
				CLANG_WARN_DOCUMENTATION_COMMENTS = YES;
				CLANG_WARN_EMPTY_BODY = YES;
				CLANG_WARN_ENUM_CONVERSION = YES;
				CLANG_WARN_INFINITE_RECURSION = YES;
				CLANG_WARN_INT_CONVERSION = YES;
				CLANG_WARN_NON_LITERAL_NULL_CONVERSION = YES;
				CLANG_WARN_OBJC_IMPLICIT_RETAIN_SELF = YES;
				CLANG_WARN_OBJC_LITERAL_CONVERSION = YES;
				CLANG_WARN_OBJC_ROOT_CLASS = YES_ERROR;
				CLANG_WARN_QUOTED_INCLUDE_IN_FRAMEWORK_HEADER = YES;
				CLANG_WARN_RANGE_LOOP_ANALYSIS = YES;
				CLANG_WARN_STRICT_PROTOTYPES = YES;
				CLANG_WARN_SUSPICIOUS_MOVE = YES;
				CLANG_WARN_UNGUARDED_AVAILABILITY = YES_AGGRESSIVE;
				CLANG_WARN_UNREACHABLE_CODE = YES;
				CLANG_WARN__DUPLICATE_METHOD_MATCH = YES;
				COPY_PHASE_STRIP = NO;
				DEBUG_INFORMATION_FORMAT = dwarf;
				ENABLE_STRICT_OBJC_MSGSEND = YES;
				ENABLE_TESTABILITY = YES;
				GCC_C_LANGUAGE_STANDARD = gnu11;
				GCC_DYNAMIC_NO_PIC = NO;
				GCC_NO_COMMON_BLOCKS = YES;
				GCC_OPTIMIZATION_LEVEL = 0;
				GCC_PREPROCESSOR_DEFINITIONS = (
					"DEBUG=1",
					"$(inherited)",
				);
				GCC_WARN_64_TO_32_BIT_CONVERSION = YES;
				GCC_WARN_ABOUT_RETURN_TYPE = YES_ERROR;
				GCC_WARN_UNDECLARED_SELECTOR = YES;
				GCC_WARN_UNINITIALIZED_AUTOS = YES_AGGRESSIVE;
				GCC_WARN_UNUSED_FUNCTION = YES;
				GCC_WARN_UNUSED_VARIABLE = YES;
				IPHONEOS_DEPLOYMENT_TARGET = 14.4;
				MTL_ENABLE_DEBUG_INFO = INCLUDE_SOURCE;
				MTL_FAST_MATH = YES;
				ONLY_ACTIVE_ARCH = YES;
				SDKROOT = iphoneos;
				SWIFT_ACTIVE_COMPILATION_CONDITIONS = DEBUG;
				SWIFT_OPTIMIZATION_LEVEL = "-Onone";
			};
			name = Debug;
		};
		EA3A3CB125FDE2AD00A69A4B /* Release */ = {
			isa = XCBuildConfiguration;
			buildSettings = {
				ALWAYS_SEARCH_USER_PATHS = NO;
				CLANG_ANALYZER_NONNULL = YES;
				CLANG_ANALYZER_NUMBER_OBJECT_CONVERSION = YES_AGGRESSIVE;
				CLANG_CXX_LANGUAGE_STANDARD = "gnu++14";
				CLANG_CXX_LIBRARY = "libc++";
				CLANG_ENABLE_MODULES = YES;
				CLANG_ENABLE_OBJC_ARC = YES;
				CLANG_ENABLE_OBJC_WEAK = YES;
				CLANG_WARN_BLOCK_CAPTURE_AUTORELEASING = YES;
				CLANG_WARN_BOOL_CONVERSION = YES;
				CLANG_WARN_COMMA = YES;
				CLANG_WARN_CONSTANT_CONVERSION = YES;
				CLANG_WARN_DEPRECATED_OBJC_IMPLEMENTATIONS = YES;
				CLANG_WARN_DIRECT_OBJC_ISA_USAGE = YES_ERROR;
				CLANG_WARN_DOCUMENTATION_COMMENTS = YES;
				CLANG_WARN_EMPTY_BODY = YES;
				CLANG_WARN_ENUM_CONVERSION = YES;
				CLANG_WARN_INFINITE_RECURSION = YES;
				CLANG_WARN_INT_CONVERSION = YES;
				CLANG_WARN_NON_LITERAL_NULL_CONVERSION = YES;
				CLANG_WARN_OBJC_IMPLICIT_RETAIN_SELF = YES;
				CLANG_WARN_OBJC_LITERAL_CONVERSION = YES;
				CLANG_WARN_OBJC_ROOT_CLASS = YES_ERROR;
				CLANG_WARN_QUOTED_INCLUDE_IN_FRAMEWORK_HEADER = YES;
				CLANG_WARN_RANGE_LOOP_ANALYSIS = YES;
				CLANG_WARN_STRICT_PROTOTYPES = YES;
				CLANG_WARN_SUSPICIOUS_MOVE = YES;
				CLANG_WARN_UNGUARDED_AVAILABILITY = YES_AGGRESSIVE;
				CLANG_WARN_UNREACHABLE_CODE = YES;
				CLANG_WARN__DUPLICATE_METHOD_MATCH = YES;
				COPY_PHASE_STRIP = NO;
				DEBUG_INFORMATION_FORMAT = "dwarf-with-dsym";
				ENABLE_NS_ASSERTIONS = NO;
				ENABLE_STRICT_OBJC_MSGSEND = YES;
				GCC_C_LANGUAGE_STANDARD = gnu11;
				GCC_NO_COMMON_BLOCKS = YES;
				GCC_WARN_64_TO_32_BIT_CONVERSION = YES;
				GCC_WARN_ABOUT_RETURN_TYPE = YES_ERROR;
				GCC_WARN_UNDECLARED_SELECTOR = YES;
				GCC_WARN_UNINITIALIZED_AUTOS = YES_AGGRESSIVE;
				GCC_WARN_UNUSED_FUNCTION = YES;
				GCC_WARN_UNUSED_VARIABLE = YES;
				IPHONEOS_DEPLOYMENT_TARGET = 14.4;
				MTL_ENABLE_DEBUG_INFO = NO;
				MTL_FAST_MATH = YES;
				SDKROOT = iphoneos;
				SWIFT_COMPILATION_MODE = wholemodule;
				SWIFT_OPTIMIZATION_LEVEL = "-O";
				VALIDATE_PRODUCT = YES;
			};
			name = Release;
		};
		EA3A3CB325FDE2AD00A69A4B /* Debug */ = {
			isa = XCBuildConfiguration;
			baseConfigurationReference = 959B6DC2AB6D3FB846026791 /* Pods-Calendary.debug.xcconfig */;
			buildSettings = {
				ASSETCATALOG_COMPILER_APPICON_NAME = AppIcon;
				ASSETCATALOG_COMPILER_GLOBAL_ACCENT_COLOR_NAME = AccentColor;
				CODE_SIGN_STYLE = Automatic;
				DEVELOPMENT_TEAM = U53BLS7M93;
				INFOPLIST_FILE = Calendary/Info.plist;
				LD_RUNPATH_SEARCH_PATHS = (
					"$(inherited)",
					"@executable_path/Frameworks",
				);
				PRODUCT_BUNDLE_IDENTIFIER = key.Calendary;
				PRODUCT_NAME = "$(TARGET_NAME)";
				SWIFT_VERSION = 5.0;
				TARGETED_DEVICE_FAMILY = "1,2";
			};
			name = Debug;
		};
		EA3A3CB425FDE2AD00A69A4B /* Release */ = {
			isa = XCBuildConfiguration;
			baseConfigurationReference = 186D220F19DB001E2CFE2DAA /* Pods-Calendary.release.xcconfig */;
			buildSettings = {
				ASSETCATALOG_COMPILER_APPICON_NAME = AppIcon;
				ASSETCATALOG_COMPILER_GLOBAL_ACCENT_COLOR_NAME = AccentColor;
				CODE_SIGN_STYLE = Automatic;
				DEVELOPMENT_TEAM = U53BLS7M93;
				INFOPLIST_FILE = Calendary/Info.plist;
				LD_RUNPATH_SEARCH_PATHS = (
					"$(inherited)",
					"@executable_path/Frameworks",
				);
				PRODUCT_BUNDLE_IDENTIFIER = key.Calendary;
				PRODUCT_NAME = "$(TARGET_NAME)";
				SWIFT_VERSION = 5.0;
				TARGETED_DEVICE_FAMILY = "1,2";
			};
			name = Release;
		};
		EA3A3CB625FDE2AD00A69A4B /* Debug */ = {
			isa = XCBuildConfiguration;
			baseConfigurationReference = 506B816617693A5780DD20F3 /* Pods-CalendaryTests.debug.xcconfig */;
			buildSettings = {
				ALWAYS_EMBED_SWIFT_STANDARD_LIBRARIES = YES;
				BUNDLE_LOADER = "$(TEST_HOST)";
				CODE_SIGN_STYLE = Automatic;
				DEVELOPMENT_TEAM = U53BLS7M93;
				INFOPLIST_FILE = CalendaryTests/Info.plist;
				IPHONEOS_DEPLOYMENT_TARGET = 14.4;
				LD_RUNPATH_SEARCH_PATHS = (
					"$(inherited)",
					"@executable_path/Frameworks",
					"@loader_path/Frameworks",
				);
				PRODUCT_BUNDLE_IDENTIFIER = key.CalendaryTests;
				PRODUCT_NAME = "$(TARGET_NAME)";
				SWIFT_VERSION = 5.0;
				TARGETED_DEVICE_FAMILY = "1,2";
				TEST_HOST = "$(BUILT_PRODUCTS_DIR)/Calendary.app/Calendary";
			};
			name = Debug;
		};
		EA3A3CB725FDE2AD00A69A4B /* Release */ = {
			isa = XCBuildConfiguration;
			baseConfigurationReference = 13CAD1C68DA75957170EE0E7 /* Pods-CalendaryTests.release.xcconfig */;
			buildSettings = {
				ALWAYS_EMBED_SWIFT_STANDARD_LIBRARIES = YES;
				BUNDLE_LOADER = "$(TEST_HOST)";
				CODE_SIGN_STYLE = Automatic;
				DEVELOPMENT_TEAM = U53BLS7M93;
				INFOPLIST_FILE = CalendaryTests/Info.plist;
				IPHONEOS_DEPLOYMENT_TARGET = 14.4;
				LD_RUNPATH_SEARCH_PATHS = (
					"$(inherited)",
					"@executable_path/Frameworks",
					"@loader_path/Frameworks",
				);
				PRODUCT_BUNDLE_IDENTIFIER = key.CalendaryTests;
				PRODUCT_NAME = "$(TARGET_NAME)";
				SWIFT_VERSION = 5.0;
				TARGETED_DEVICE_FAMILY = "1,2";
				TEST_HOST = "$(BUILT_PRODUCTS_DIR)/Calendary.app/Calendary";
			};
			name = Release;
		};
		EA3A3CB925FDE2AD00A69A4B /* Debug */ = {
			isa = XCBuildConfiguration;
			baseConfigurationReference = 36379A1A894D4B5B4AAC6283 /* Pods-Calendary-CalendaryUITests.debug.xcconfig */;
			buildSettings = {
				ALWAYS_EMBED_SWIFT_STANDARD_LIBRARIES = YES;
				CODE_SIGN_STYLE = Automatic;
				DEVELOPMENT_TEAM = U53BLS7M93;
				INFOPLIST_FILE = CalendaryUITests/Info.plist;
				LD_RUNPATH_SEARCH_PATHS = (
					"$(inherited)",
					"@executable_path/Frameworks",
					"@loader_path/Frameworks",
				);
				PRODUCT_BUNDLE_IDENTIFIER = key.CalendaryUITests;
				PRODUCT_NAME = "$(TARGET_NAME)";
				SWIFT_VERSION = 5.0;
				TARGETED_DEVICE_FAMILY = "1,2";
				TEST_TARGET_NAME = Calendary;
			};
			name = Debug;
		};
		EA3A3CBA25FDE2AD00A69A4B /* Release */ = {
			isa = XCBuildConfiguration;
			baseConfigurationReference = DC06587B6FCDD71F4A18A48B /* Pods-Calendary-CalendaryUITests.release.xcconfig */;
			buildSettings = {
				ALWAYS_EMBED_SWIFT_STANDARD_LIBRARIES = YES;
				CODE_SIGN_STYLE = Automatic;
				DEVELOPMENT_TEAM = U53BLS7M93;
				INFOPLIST_FILE = CalendaryUITests/Info.plist;
				LD_RUNPATH_SEARCH_PATHS = (
					"$(inherited)",
					"@executable_path/Frameworks",
					"@loader_path/Frameworks",
				);
				PRODUCT_BUNDLE_IDENTIFIER = key.CalendaryUITests;
				PRODUCT_NAME = "$(TARGET_NAME)";
				SWIFT_VERSION = 5.0;
				TARGETED_DEVICE_FAMILY = "1,2";
				TEST_TARGET_NAME = Calendary;
			};
			name = Release;
		};
/* End XCBuildConfiguration section */

/* Begin XCConfigurationList section */
		EA3A3C8325FDE2AB00A69A4B /* Build configuration list for PBXProject "Calendary" */ = {
			isa = XCConfigurationList;
			buildConfigurations = (
				EA3A3CB025FDE2AD00A69A4B /* Debug */,
				EA3A3CB125FDE2AD00A69A4B /* Release */,
			);
			defaultConfigurationIsVisible = 0;
			defaultConfigurationName = Release;
		};
		EA3A3CB225FDE2AD00A69A4B /* Build configuration list for PBXNativeTarget "Calendary" */ = {
			isa = XCConfigurationList;
			buildConfigurations = (
				EA3A3CB325FDE2AD00A69A4B /* Debug */,
				EA3A3CB425FDE2AD00A69A4B /* Release */,
			);
			defaultConfigurationIsVisible = 0;
			defaultConfigurationName = Release;
		};
		EA3A3CB525FDE2AD00A69A4B /* Build configuration list for PBXNativeTarget "CalendaryTests" */ = {
			isa = XCConfigurationList;
			buildConfigurations = (
				EA3A3CB625FDE2AD00A69A4B /* Debug */,
				EA3A3CB725FDE2AD00A69A4B /* Release */,
			);
			defaultConfigurationIsVisible = 0;
			defaultConfigurationName = Release;
		};
		EA3A3CB825FDE2AD00A69A4B /* Build configuration list for PBXNativeTarget "CalendaryUITests" */ = {
			isa = XCConfigurationList;
			buildConfigurations = (
				EA3A3CB925FDE2AD00A69A4B /* Debug */,
				EA3A3CBA25FDE2AD00A69A4B /* Release */,
			);
			defaultConfigurationIsVisible = 0;
			defaultConfigurationName = Release;
		};
/* End XCConfigurationList section */
	};
	rootObject = EA3A3C8025FDE2AB00A69A4B /* Project object */;
}
