// !$*UTF8*$!
{
	archiveVersion = 1;
	classes = {
	};
	objectVersion = 51;
	objects = {

/* Begin PBXBuildFile section */
		2EF581417CEEC9A6F253E102 /* Pods_Calendary.framework in Frameworks */ = {isa = PBXBuildFile; fileRef = 15C678803A429B6424840057 /* Pods_Calendary.framework */; };
		51ED82EB9DED6943AE582DE5 /* Pods_CalendaryTests.framework in Frameworks */ = {isa = PBXBuildFile; fileRef = 2EFD50428F02BCC51821A755 /* Pods_CalendaryTests.framework */; };
		ABCCBE0FD89450C92A1186CC /* Pods_Calendary_CalendaryUITests.framework in Frameworks */ = {isa = PBXBuildFile; fileRef = 53CF8FAEB16BCCDB73A95BE1 /* Pods_Calendary_CalendaryUITests.framework */; };
		EA9C5A8825EE7ACF009A71BF /* AppDelegate.swift in Sources */ = {isa = PBXBuildFile; fileRef = EA9C5A8725EE7ACF009A71BF /* AppDelegate.swift */; };
		EA9C5A8A25EE7ACF009A71BF /* SceneDelegate.swift in Sources */ = {isa = PBXBuildFile; fileRef = EA9C5A8925EE7ACF009A71BF /* SceneDelegate.swift */; };
		EA9C5A9125EE7AD1009A71BF /* Assets.xcassets in Resources */ = {isa = PBXBuildFile; fileRef = EA9C5A9025EE7AD1009A71BF /* Assets.xcassets */; };
		EA9C5A9425EE7AD1009A71BF /* LaunchScreen.storyboard in Resources */ = {isa = PBXBuildFile; fileRef = EA9C5A9225EE7AD1009A71BF /* LaunchScreen.storyboard */; };
		EA9C5A9F25EE7AD1009A71BF /* CalendaryTests.swift in Sources */ = {isa = PBXBuildFile; fileRef = EA9C5A9E25EE7AD1009A71BF /* CalendaryTests.swift */; };
		EA9C5AAA25EE7AD1009A71BF /* CalendaryUITests.swift in Sources */ = {isa = PBXBuildFile; fileRef = EA9C5AA925EE7AD1009A71BF /* CalendaryUITests.swift */; };
		EA9C5ABB25EE7AE0009A71BF /* GoogleService-Info.plist in Resources */ = {isa = PBXBuildFile; fileRef = EA9C5ABA25EE7AE0009A71BF /* GoogleService-Info.plist */; };
		EA9C5AEE25EE7F3A009A71BF /* MainViewController.swift in Sources */ = {isa = PBXBuildFile; fileRef = EA9C5AEC25EE7F3A009A71BF /* MainViewController.swift */; };
		EA9C5AEF25EE7F3A009A71BF /* MainViewController.xib in Resources */ = {isa = PBXBuildFile; fileRef = EA9C5AED25EE7F3A009A71BF /* MainViewController.xib */; };
/* End PBXBuildFile section */

/* Begin PBXContainerItemProxy section */
		EA9C5A9B25EE7AD1009A71BF /* PBXContainerItemProxy */ = {
			isa = PBXContainerItemProxy;
			containerPortal = EA9C5A7C25EE7ACF009A71BF /* Project object */;
			proxyType = 1;
			remoteGlobalIDString = EA9C5A8325EE7ACF009A71BF;
			remoteInfo = Calendary;
		};
		EA9C5AA625EE7AD1009A71BF /* PBXContainerItemProxy */ = {
			isa = PBXContainerItemProxy;
			containerPortal = EA9C5A7C25EE7ACF009A71BF /* Project object */;
			proxyType = 1;
			remoteGlobalIDString = EA9C5A8325EE7ACF009A71BF;
			remoteInfo = Calendary;
		};
/* End PBXContainerItemProxy section */

/* Begin PBXFileReference section */
		09E9D408F06583A7E8BDD724 /* Pods-Calendary-CalendaryUITests.release.xcconfig */ = {isa = PBXFileReference; includeInIndex = 1; lastKnownFileType = text.xcconfig; name = "Pods-Calendary-CalendaryUITests.release.xcconfig"; path = "Target Support Files/Pods-Calendary-CalendaryUITests/Pods-Calendary-CalendaryUITests.release.xcconfig"; sourceTree = "<group>"; };
		15C678803A429B6424840057 /* Pods_Calendary.framework */ = {isa = PBXFileReference; explicitFileType = wrapper.framework; includeInIndex = 0; path = Pods_Calendary.framework; sourceTree = BUILT_PRODUCTS_DIR; };
		1ABB5BDA67291D6B019A979D /* Pods-Calendary.release.xcconfig */ = {isa = PBXFileReference; includeInIndex = 1; lastKnownFileType = text.xcconfig; name = "Pods-Calendary.release.xcconfig"; path = "Target Support Files/Pods-Calendary/Pods-Calendary.release.xcconfig"; sourceTree = "<group>"; };
		2EFD50428F02BCC51821A755 /* Pods_CalendaryTests.framework */ = {isa = PBXFileReference; explicitFileType = wrapper.framework; includeInIndex = 0; path = Pods_CalendaryTests.framework; sourceTree = BUILT_PRODUCTS_DIR; };
		51B9106B3AAE89DE6DD6E080 /* Pods-CalendaryTests.debug.xcconfig */ = {isa = PBXFileReference; includeInIndex = 1; lastKnownFileType = text.xcconfig; name = "Pods-CalendaryTests.debug.xcconfig"; path = "Target Support Files/Pods-CalendaryTests/Pods-CalendaryTests.debug.xcconfig"; sourceTree = "<group>"; };
		53CF8FAEB16BCCDB73A95BE1 /* Pods_Calendary_CalendaryUITests.framework */ = {isa = PBXFileReference; explicitFileType = wrapper.framework; includeInIndex = 0; path = Pods_Calendary_CalendaryUITests.framework; sourceTree = BUILT_PRODUCTS_DIR; };
		CF192174225CD6051DCEE607 /* Pods-Calendary.debug.xcconfig */ = {isa = PBXFileReference; includeInIndex = 1; lastKnownFileType = text.xcconfig; name = "Pods-Calendary.debug.xcconfig"; path = "Target Support Files/Pods-Calendary/Pods-Calendary.debug.xcconfig"; sourceTree = "<group>"; };
		EA9C5A8425EE7ACF009A71BF /* Calendary.app */ = {isa = PBXFileReference; explicitFileType = wrapper.application; includeInIndex = 0; path = Calendary.app; sourceTree = BUILT_PRODUCTS_DIR; };
		EA9C5A8725EE7ACF009A71BF /* AppDelegate.swift */ = {isa = PBXFileReference; lastKnownFileType = sourcecode.swift; path = AppDelegate.swift; sourceTree = "<group>"; };
		EA9C5A8925EE7ACF009A71BF /* SceneDelegate.swift */ = {isa = PBXFileReference; lastKnownFileType = sourcecode.swift; path = SceneDelegate.swift; sourceTree = "<group>"; };
		EA9C5A9025EE7AD1009A71BF /* Assets.xcassets */ = {isa = PBXFileReference; lastKnownFileType = folder.assetcatalog; path = Assets.xcassets; sourceTree = "<group>"; };
		EA9C5A9325EE7AD1009A71BF /* Base */ = {isa = PBXFileReference; lastKnownFileType = file.storyboard; name = Base; path = Base.lproj/LaunchScreen.storyboard; sourceTree = "<group>"; };
		EA9C5A9525EE7AD1009A71BF /* Info.plist */ = {isa = PBXFileReference; lastKnownFileType = text.plist.xml; path = Info.plist; sourceTree = "<group>"; };
		EA9C5A9A25EE7AD1009A71BF /* CalendaryTests.xctest */ = {isa = PBXFileReference; explicitFileType = wrapper.cfbundle; includeInIndex = 0; path = CalendaryTests.xctest; sourceTree = BUILT_PRODUCTS_DIR; };
		EA9C5A9E25EE7AD1009A71BF /* CalendaryTests.swift */ = {isa = PBXFileReference; lastKnownFileType = sourcecode.swift; path = CalendaryTests.swift; sourceTree = "<group>"; };
		EA9C5AA025EE7AD1009A71BF /* Info.plist */ = {isa = PBXFileReference; lastKnownFileType = text.plist.xml; path = Info.plist; sourceTree = "<group>"; };
		EA9C5AA525EE7AD1009A71BF /* CalendaryUITests.xctest */ = {isa = PBXFileReference; explicitFileType = wrapper.cfbundle; includeInIndex = 0; path = CalendaryUITests.xctest; sourceTree = BUILT_PRODUCTS_DIR; };
		EA9C5AA925EE7AD1009A71BF /* CalendaryUITests.swift */ = {isa = PBXFileReference; lastKnownFileType = sourcecode.swift; path = CalendaryUITests.swift; sourceTree = "<group>"; };
		EA9C5AAB25EE7AD1009A71BF /* Info.plist */ = {isa = PBXFileReference; lastKnownFileType = text.plist.xml; path = Info.plist; sourceTree = "<group>"; };
		EA9C5ABA25EE7AE0009A71BF /* GoogleService-Info.plist */ = {isa = PBXFileReference; fileEncoding = 4; lastKnownFileType = text.plist.xml; path = "GoogleService-Info.plist"; sourceTree = "<group>"; };
		EA9C5AEC25EE7F3A009A71BF /* MainViewController.swift */ = {isa = PBXFileReference; lastKnownFileType = sourcecode.swift; path = MainViewController.swift; sourceTree = "<group>"; };
		EA9C5AED25EE7F3A009A71BF /* MainViewController.xib */ = {isa = PBXFileReference; lastKnownFileType = file.xib; path = MainViewController.xib; sourceTree = "<group>"; };
		F6FD25127C645BF16E8088D9 /* Pods-CalendaryTests.release.xcconfig */ = {isa = PBXFileReference; includeInIndex = 1; lastKnownFileType = text.xcconfig; name = "Pods-CalendaryTests.release.xcconfig"; path = "Target Support Files/Pods-CalendaryTests/Pods-CalendaryTests.release.xcconfig"; sourceTree = "<group>"; };
		FEA9A077BECE4C5B45047B29 /* Pods-Calendary-CalendaryUITests.debug.xcconfig */ = {isa = PBXFileReference; includeInIndex = 1; lastKnownFileType = text.xcconfig; name = "Pods-Calendary-CalendaryUITests.debug.xcconfig"; path = "Target Support Files/Pods-Calendary-CalendaryUITests/Pods-Calendary-CalendaryUITests.debug.xcconfig"; sourceTree = "<group>"; };
/* End PBXFileReference section */

/* Begin PBXFrameworksBuildPhase section */
		EA9C5A8125EE7ACF009A71BF /* Frameworks */ = {
			isa = PBXFrameworksBuildPhase;
			buildActionMask = 2147483647;
			files = (
				2EF581417CEEC9A6F253E102 /* Pods_Calendary.framework in Frameworks */,
			);
			runOnlyForDeploymentPostprocessing = 0;
		};
		EA9C5A9725EE7AD1009A71BF /* Frameworks */ = {
			isa = PBXFrameworksBuildPhase;
			buildActionMask = 2147483647;
			files = (
				51ED82EB9DED6943AE582DE5 /* Pods_CalendaryTests.framework in Frameworks */,
			);
			runOnlyForDeploymentPostprocessing = 0;
		};
		EA9C5AA225EE7AD1009A71BF /* Frameworks */ = {
			isa = PBXFrameworksBuildPhase;
			buildActionMask = 2147483647;
			files = (
				ABCCBE0FD89450C92A1186CC /* Pods_Calendary_CalendaryUITests.framework in Frameworks */,
			);
			runOnlyForDeploymentPostprocessing = 0;
		};
/* End PBXFrameworksBuildPhase section */

/* Begin PBXGroup section */
		A2860576FCE7D56A8877FCB7 /* Frameworks */ = {
			isa = PBXGroup;
			children = (
				15C678803A429B6424840057 /* Pods_Calendary.framework */,
				53CF8FAEB16BCCDB73A95BE1 /* Pods_Calendary_CalendaryUITests.framework */,
				2EFD50428F02BCC51821A755 /* Pods_CalendaryTests.framework */,
			);
			name = Frameworks;
			sourceTree = "<group>";
		};
		C40AB2D30BF730137CB56339 /* Pods */ = {
			isa = PBXGroup;
			children = (
				CF192174225CD6051DCEE607 /* Pods-Calendary.debug.xcconfig */,
				1ABB5BDA67291D6B019A979D /* Pods-Calendary.release.xcconfig */,
				FEA9A077BECE4C5B45047B29 /* Pods-Calendary-CalendaryUITests.debug.xcconfig */,
				09E9D408F06583A7E8BDD724 /* Pods-Calendary-CalendaryUITests.release.xcconfig */,
				51B9106B3AAE89DE6DD6E080 /* Pods-CalendaryTests.debug.xcconfig */,
				F6FD25127C645BF16E8088D9 /* Pods-CalendaryTests.release.xcconfig */,
			);
			path = Pods;
			sourceTree = "<group>";
		};
		EA9C5A7B25EE7ACF009A71BF = {
			isa = PBXGroup;
			children = (
				EA9C5A8625EE7ACF009A71BF /* Calendary */,
				EA9C5A9D25EE7AD1009A71BF /* CalendaryTests */,
				EA9C5AA825EE7AD1009A71BF /* CalendaryUITests */,
				EA9C5A8525EE7ACF009A71BF /* Products */,
				C40AB2D30BF730137CB56339 /* Pods */,
				A2860576FCE7D56A8877FCB7 /* Frameworks */,
			);
			sourceTree = "<group>";
		};
		EA9C5A8525EE7ACF009A71BF /* Products */ = {
			isa = PBXGroup;
			children = (
				EA9C5A8425EE7ACF009A71BF /* Calendary.app */,
				EA9C5A9A25EE7AD1009A71BF /* CalendaryTests.xctest */,
				EA9C5AA525EE7AD1009A71BF /* CalendaryUITests.xctest */,
			);
			name = Products;
			sourceTree = "<group>";
		};
		EA9C5A8625EE7ACF009A71BF /* Calendary */ = {
			isa = PBXGroup;
			children = (
				EA9C5AE825EE7F2D009A71BF /* View */,
				EA9C5ABA25EE7AE0009A71BF /* GoogleService-Info.plist */,
				EA9C5A8725EE7ACF009A71BF /* AppDelegate.swift */,
				EA9C5A8925EE7ACF009A71BF /* SceneDelegate.swift */,
				EA9C5A9025EE7AD1009A71BF /* Assets.xcassets */,
				EA9C5A9225EE7AD1009A71BF /* LaunchScreen.storyboard */,
				EA9C5A9525EE7AD1009A71BF /* Info.plist */,
			);
			path = Calendary;
			sourceTree = "<group>";
		};
		EA9C5A9D25EE7AD1009A71BF /* CalendaryTests */ = {
			isa = PBXGroup;
			children = (
				EA9C5A9E25EE7AD1009A71BF /* CalendaryTests.swift */,
				EA9C5AA025EE7AD1009A71BF /* Info.plist */,
			);
			path = CalendaryTests;
			sourceTree = "<group>";
		};
		EA9C5AA825EE7AD1009A71BF /* CalendaryUITests */ = {
			isa = PBXGroup;
			children = (
				EA9C5AA925EE7AD1009A71BF /* CalendaryUITests.swift */,
				EA9C5AAB25EE7AD1009A71BF /* Info.plist */,
			);
			path = CalendaryUITests;
			sourceTree = "<group>";
		};
		EA9C5AE825EE7F2D009A71BF /* View */ = {
			isa = PBXGroup;
			children = (
				EA9C5AEC25EE7F3A009A71BF /* MainViewController.swift */,
				EA9C5AED25EE7F3A009A71BF /* MainViewController.xib */,
			);
			path = View;
			sourceTree = "<group>";
		};
/* End PBXGroup section */

/* Begin PBXNativeTarget section */
		EA9C5A8325EE7ACF009A71BF /* Calendary */ = {
			isa = PBXNativeTarget;
			buildConfigurationList = EA9C5AAE25EE7AD2009A71BF /* Build configuration list for PBXNativeTarget "Calendary" */;
			buildPhases = (
				396F5FFBEABF282E70C55E3E /* [CP] Check Pods Manifest.lock */,
				EA9C5A8025EE7ACF009A71BF /* Sources */,
				EA9C5A8125EE7ACF009A71BF /* Frameworks */,
				EA9C5A8225EE7ACF009A71BF /* Resources */,
				27C3471727A98DFAC7086FE3 /* [CP] Embed Pods Frameworks */,
				9C81ABE1C8B79BCA62175B35 /* [CP] Copy Pods Resources */,
			);
			buildRules = (
			);
			dependencies = (
			);
			name = Calendary;
			productName = Calendary;
			productReference = EA9C5A8425EE7ACF009A71BF /* Calendary.app */;
			productType = "com.apple.product-type.application";
		};
		EA9C5A9925EE7AD1009A71BF /* CalendaryTests */ = {
			isa = PBXNativeTarget;
			buildConfigurationList = EA9C5AB125EE7AD2009A71BF /* Build configuration list for PBXNativeTarget "CalendaryTests" */;
			buildPhases = (
				3E16742841083CE0930B23F2 /* [CP] Check Pods Manifest.lock */,
				EA9C5A9625EE7AD1009A71BF /* Sources */,
				EA9C5A9725EE7AD1009A71BF /* Frameworks */,
				EA9C5A9825EE7AD1009A71BF /* Resources */,
			);
			buildRules = (
			);
			dependencies = (
				EA9C5A9C25EE7AD1009A71BF /* PBXTargetDependency */,
			);
			name = CalendaryTests;
			productName = CalendaryTests;
			productReference = EA9C5A9A25EE7AD1009A71BF /* CalendaryTests.xctest */;
			productType = "com.apple.product-type.bundle.unit-test";
		};
		EA9C5AA425EE7AD1009A71BF /* CalendaryUITests */ = {
			isa = PBXNativeTarget;
			buildConfigurationList = EA9C5AB425EE7AD2009A71BF /* Build configuration list for PBXNativeTarget "CalendaryUITests" */;
			buildPhases = (
				7643D6A096035272A972F12E /* [CP] Check Pods Manifest.lock */,
				EA9C5AA125EE7AD1009A71BF /* Sources */,
				EA9C5AA225EE7AD1009A71BF /* Frameworks */,
				EA9C5AA325EE7AD1009A71BF /* Resources */,
				DFC87134BD83CDEFBBBEDD06 /* [CP] Embed Pods Frameworks */,
				52EA9187E8E1BB794005BE00 /* [CP] Copy Pods Resources */,
			);
			buildRules = (
			);
			dependencies = (
				EA9C5AA725EE7AD1009A71BF /* PBXTargetDependency */,
			);
			name = CalendaryUITests;
			productName = CalendaryUITests;
			productReference = EA9C5AA525EE7AD1009A71BF /* CalendaryUITests.xctest */;
			productType = "com.apple.product-type.bundle.ui-testing";
		};
/* End PBXNativeTarget section */

/* Begin PBXProject section */
		EA9C5A7C25EE7ACF009A71BF /* Project object */ = {
			isa = PBXProject;
			attributes = {
				LastSwiftUpdateCheck = 1240;
				LastUpgradeCheck = 1240;
				TargetAttributes = {
					EA9C5A8325EE7ACF009A71BF = {
						CreatedOnToolsVersion = 12.4;
					};
					EA9C5A9925EE7AD1009A71BF = {
						CreatedOnToolsVersion = 12.4;
						TestTargetID = EA9C5A8325EE7ACF009A71BF;
					};
					EA9C5AA425EE7AD1009A71BF = {
						CreatedOnToolsVersion = 12.4;
						TestTargetID = EA9C5A8325EE7ACF009A71BF;
					};
				};
			};
			buildConfigurationList = EA9C5A7F25EE7ACF009A71BF /* Build configuration list for PBXProject "Calendary" */;
			compatibilityVersion = "Xcode 9.3";
			developmentRegion = en;
			hasScannedForEncodings = 0;
			knownRegions = (
				en,
				Base,
			);
			mainGroup = EA9C5A7B25EE7ACF009A71BF;
			productRefGroup = EA9C5A8525EE7ACF009A71BF /* Products */;
			projectDirPath = "";
			projectRoot = "";
			targets = (
				EA9C5A8325EE7ACF009A71BF /* Calendary */,
				EA9C5A9925EE7AD1009A71BF /* CalendaryTests */,
				EA9C5AA425EE7AD1009A71BF /* CalendaryUITests */,
			);
		};
/* End PBXProject section */

/* Begin PBXResourcesBuildPhase section */
		EA9C5A8225EE7ACF009A71BF /* Resources */ = {
			isa = PBXResourcesBuildPhase;
			buildActionMask = 2147483647;
			files = (
				EA9C5A9425EE7AD1009A71BF /* LaunchScreen.storyboard in Resources */,
				EA9C5ABB25EE7AE0009A71BF /* GoogleService-Info.plist in Resources */,
				EA9C5A9125EE7AD1009A71BF /* Assets.xcassets in Resources */,
				EA9C5AEF25EE7F3A009A71BF /* MainViewController.xib in Resources */,
			);
			runOnlyForDeploymentPostprocessing = 0;
		};
		EA9C5A9825EE7AD1009A71BF /* Resources */ = {
			isa = PBXResourcesBuildPhase;
			buildActionMask = 2147483647;
			files = (
			);
			runOnlyForDeploymentPostprocessing = 0;
		};
		EA9C5AA325EE7AD1009A71BF /* Resources */ = {
			isa = PBXResourcesBuildPhase;
			buildActionMask = 2147483647;
			files = (
			);
			runOnlyForDeploymentPostprocessing = 0;
		};
/* End PBXResourcesBuildPhase section */

/* Begin PBXShellScriptBuildPhase section */
		27C3471727A98DFAC7086FE3 /* [CP] Embed Pods Frameworks */ = {
			isa = PBXShellScriptBuildPhase;
			buildActionMask = 2147483647;
			files = (
			);
			inputFileListPaths = (
				"${PODS_ROOT}/Target Support Files/Pods-Calendary/Pods-Calendary-frameworks-${CONFIGURATION}-input-files.xcfilelist",
			);
			name = "[CP] Embed Pods Frameworks";
			outputFileListPaths = (
				"${PODS_ROOT}/Target Support Files/Pods-Calendary/Pods-Calendary-frameworks-${CONFIGURATION}-output-files.xcfilelist",
			);
			runOnlyForDeploymentPostprocessing = 0;
			shellPath = /bin/sh;
			shellScript = "\"${PODS_ROOT}/Target Support Files/Pods-Calendary/Pods-Calendary-frameworks.sh\"\n";
			showEnvVarsInLog = 0;
		};
		396F5FFBEABF282E70C55E3E /* [CP] Check Pods Manifest.lock */ = {
			isa = PBXShellScriptBuildPhase;
			buildActionMask = 2147483647;
			files = (
			);
			inputFileListPaths = (
			);
			inputPaths = (
				"${PODS_PODFILE_DIR_PATH}/Podfile.lock",
				"${PODS_ROOT}/Manifest.lock",
			);
			name = "[CP] Check Pods Manifest.lock";
			outputFileListPaths = (
			);
			outputPaths = (
				"$(DERIVED_FILE_DIR)/Pods-Calendary-checkManifestLockResult.txt",
			);
			runOnlyForDeploymentPostprocessing = 0;
			shellPath = /bin/sh;
			shellScript = "diff \"${PODS_PODFILE_DIR_PATH}/Podfile.lock\" \"${PODS_ROOT}/Manifest.lock\" > /dev/null\nif [ $? != 0 ] ; then\n    # print error to STDERR\n    echo \"error: The sandbox is not in sync with the Podfile.lock. Run 'pod install' or update your CocoaPods installation.\" >&2\n    exit 1\nfi\n# This output is used by Xcode 'outputs' to avoid re-running this script phase.\necho \"SUCCESS\" > \"${SCRIPT_OUTPUT_FILE_0}\"\n";
			showEnvVarsInLog = 0;
		};
		3E16742841083CE0930B23F2 /* [CP] Check Pods Manifest.lock */ = {
			isa = PBXShellScriptBuildPhase;
			buildActionMask = 2147483647;
			files = (
			);
			inputFileListPaths = (
			);
			inputPaths = (
				"${PODS_PODFILE_DIR_PATH}/Podfile.lock",
				"${PODS_ROOT}/Manifest.lock",
			);
			name = "[CP] Check Pods Manifest.lock";
			outputFileListPaths = (
			);
			outputPaths = (
				"$(DERIVED_FILE_DIR)/Pods-CalendaryTests-checkManifestLockResult.txt",
			);
			runOnlyForDeploymentPostprocessing = 0;
			shellPath = /bin/sh;
			shellScript = "diff \"${PODS_PODFILE_DIR_PATH}/Podfile.lock\" \"${PODS_ROOT}/Manifest.lock\" > /dev/null\nif [ $? != 0 ] ; then\n    # print error to STDERR\n    echo \"error: The sandbox is not in sync with the Podfile.lock. Run 'pod install' or update your CocoaPods installation.\" >&2\n    exit 1\nfi\n# This output is used by Xcode 'outputs' to avoid re-running this script phase.\necho \"SUCCESS\" > \"${SCRIPT_OUTPUT_FILE_0}\"\n";
			showEnvVarsInLog = 0;
		};
		52EA9187E8E1BB794005BE00 /* [CP] Copy Pods Resources */ = {
			isa = PBXShellScriptBuildPhase;
			buildActionMask = 2147483647;
			files = (
			);
			inputFileListPaths = (
				"${PODS_ROOT}/Target Support Files/Pods-Calendary-CalendaryUITests/Pods-Calendary-CalendaryUITests-resources-${CONFIGURATION}-input-files.xcfilelist",
			);
			name = "[CP] Copy Pods Resources";
			outputFileListPaths = (
				"${PODS_ROOT}/Target Support Files/Pods-Calendary-CalendaryUITests/Pods-Calendary-CalendaryUITests-resources-${CONFIGURATION}-output-files.xcfilelist",
			);
			runOnlyForDeploymentPostprocessing = 0;
			shellPath = /bin/sh;
			shellScript = "\"${PODS_ROOT}/Target Support Files/Pods-Calendary-CalendaryUITests/Pods-Calendary-CalendaryUITests-resources.sh\"\n";
			showEnvVarsInLog = 0;
		};
		7643D6A096035272A972F12E /* [CP] Check Pods Manifest.lock */ = {
			isa = PBXShellScriptBuildPhase;
			buildActionMask = 2147483647;
			files = (
			);
			inputFileListPaths = (
			);
			inputPaths = (
				"${PODS_PODFILE_DIR_PATH}/Podfile.lock",
				"${PODS_ROOT}/Manifest.lock",
			);
			name = "[CP] Check Pods Manifest.lock";
			outputFileListPaths = (
			);
			outputPaths = (
				"$(DERIVED_FILE_DIR)/Pods-Calendary-CalendaryUITests-checkManifestLockResult.txt",
			);
			runOnlyForDeploymentPostprocessing = 0;
			shellPath = /bin/sh;
			shellScript = "diff \"${PODS_PODFILE_DIR_PATH}/Podfile.lock\" \"${PODS_ROOT}/Manifest.lock\" > /dev/null\nif [ $? != 0 ] ; then\n    # print error to STDERR\n    echo \"error: The sandbox is not in sync with the Podfile.lock. Run 'pod install' or update your CocoaPods installation.\" >&2\n    exit 1\nfi\n# This output is used by Xcode 'outputs' to avoid re-running this script phase.\necho \"SUCCESS\" > \"${SCRIPT_OUTPUT_FILE_0}\"\n";
			showEnvVarsInLog = 0;
		};
		9C81ABE1C8B79BCA62175B35 /* [CP] Copy Pods Resources */ = {
			isa = PBXShellScriptBuildPhase;
			buildActionMask = 2147483647;
			files = (
			);
			inputFileListPaths = (
				"${PODS_ROOT}/Target Support Files/Pods-Calendary/Pods-Calendary-resources-${CONFIGURATION}-input-files.xcfilelist",
			);
			name = "[CP] Copy Pods Resources";
			outputFileListPaths = (
				"${PODS_ROOT}/Target Support Files/Pods-Calendary/Pods-Calendary-resources-${CONFIGURATION}-output-files.xcfilelist",
			);
			runOnlyForDeploymentPostprocessing = 0;
			shellPath = /bin/sh;
			shellScript = "\"${PODS_ROOT}/Target Support Files/Pods-Calendary/Pods-Calendary-resources.sh\"\n";
			showEnvVarsInLog = 0;
		};
		DFC87134BD83CDEFBBBEDD06 /* [CP] Embed Pods Frameworks */ = {
			isa = PBXShellScriptBuildPhase;
			buildActionMask = 2147483647;
			files = (
			);
			inputFileListPaths = (
				"${PODS_ROOT}/Target Support Files/Pods-Calendary-CalendaryUITests/Pods-Calendary-CalendaryUITests-frameworks-${CONFIGURATION}-input-files.xcfilelist",
			);
			name = "[CP] Embed Pods Frameworks";
			outputFileListPaths = (
				"${PODS_ROOT}/Target Support Files/Pods-Calendary-CalendaryUITests/Pods-Calendary-CalendaryUITests-frameworks-${CONFIGURATION}-output-files.xcfilelist",
			);
			runOnlyForDeploymentPostprocessing = 0;
			shellPath = /bin/sh;
			shellScript = "\"${PODS_ROOT}/Target Support Files/Pods-Calendary-CalendaryUITests/Pods-Calendary-CalendaryUITests-frameworks.sh\"\n";
			showEnvVarsInLog = 0;
		};
/* End PBXShellScriptBuildPhase section */

/* Begin PBXSourcesBuildPhase section */
		EA9C5A8025EE7ACF009A71BF /* Sources */ = {
			isa = PBXSourcesBuildPhase;
			buildActionMask = 2147483647;
			files = (
				EA9C5AEE25EE7F3A009A71BF /* MainViewController.swift in Sources */,
				EA9C5A8825EE7ACF009A71BF /* AppDelegate.swift in Sources */,
				EA9C5A8A25EE7ACF009A71BF /* SceneDelegate.swift in Sources */,
			);
			runOnlyForDeploymentPostprocessing = 0;
		};
		EA9C5A9625EE7AD1009A71BF /* Sources */ = {
			isa = PBXSourcesBuildPhase;
			buildActionMask = 2147483647;
			files = (
				EA9C5A9F25EE7AD1009A71BF /* CalendaryTests.swift in Sources */,
			);
			runOnlyForDeploymentPostprocessing = 0;
		};
		EA9C5AA125EE7AD1009A71BF /* Sources */ = {
			isa = PBXSourcesBuildPhase;
			buildActionMask = 2147483647;
			files = (
				EA9C5AAA25EE7AD1009A71BF /* CalendaryUITests.swift in Sources */,
			);
			runOnlyForDeploymentPostprocessing = 0;
		};
/* End PBXSourcesBuildPhase section */

/* Begin PBXTargetDependency section */
		EA9C5A9C25EE7AD1009A71BF /* PBXTargetDependency */ = {
			isa = PBXTargetDependency;
			target = EA9C5A8325EE7ACF009A71BF /* Calendary */;
			targetProxy = EA9C5A9B25EE7AD1009A71BF /* PBXContainerItemProxy */;
		};
		EA9C5AA725EE7AD1009A71BF /* PBXTargetDependency */ = {
			isa = PBXTargetDependency;
			target = EA9C5A8325EE7ACF009A71BF /* Calendary */;
			targetProxy = EA9C5AA625EE7AD1009A71BF /* PBXContainerItemProxy */;
		};
/* End PBXTargetDependency section */

/* Begin PBXVariantGroup section */
		EA9C5A9225EE7AD1009A71BF /* LaunchScreen.storyboard */ = {
			isa = PBXVariantGroup;
			children = (
				EA9C5A9325EE7AD1009A71BF /* Base */,
			);
			name = LaunchScreen.storyboard;
			sourceTree = "<group>";
		};
/* End PBXVariantGroup section */

/* Begin XCBuildConfiguration section */
		EA9C5AAC25EE7AD2009A71BF /* Debug */ = {
			isa = XCBuildConfiguration;
			buildSettings = {
				ALWAYS_SEARCH_USER_PATHS = NO;
				CLANG_ANALYZER_NONNULL = YES;
				CLANG_ANALYZER_NUMBER_OBJECT_CONVERSION = YES_AGGRESSIVE;
				CLANG_CXX_LANGUAGE_STANDARD = "gnu++14";
				CLANG_CXX_LIBRARY = "libc++";
				CLANG_ENABLE_MODULES = YES;
				CLANG_ENABLE_OBJC_ARC = YES;
				CLANG_ENABLE_OBJC_WEAK = YES;
				CLANG_WARN_BLOCK_CAPTURE_AUTORELEASING = YES;
				CLANG_WARN_BOOL_CONVERSION = YES;
				CLANG_WARN_COMMA = YES;
				CLANG_WARN_CONSTANT_CONVERSION = YES;
				CLANG_WARN_DEPRECATED_OBJC_IMPLEMENTATIONS = YES;
				CLANG_WARN_DIRECT_OBJC_ISA_USAGE = YES_ERROR;
				CLANG_WARN_DOCUMENTATION_COMMENTS = YES;
				CLANG_WARN_EMPTY_BODY = YES;
				CLANG_WARN_ENUM_CONVERSION = YES;
				CLANG_WARN_INFINITE_RECURSION = YES;
				CLANG_WARN_INT_CONVERSION = YES;
				CLANG_WARN_NON_LITERAL_NULL_CONVERSION = YES;
				CLANG_WARN_OBJC_IMPLICIT_RETAIN_SELF = YES;
				CLANG_WARN_OBJC_LITERAL_CONVERSION = YES;
				CLANG_WARN_OBJC_ROOT_CLASS = YES_ERROR;
				CLANG_WARN_QUOTED_INCLUDE_IN_FRAMEWORK_HEADER = YES;
				CLANG_WARN_RANGE_LOOP_ANALYSIS = YES;
				CLANG_WARN_STRICT_PROTOTYPES = YES;
				CLANG_WARN_SUSPICIOUS_MOVE = YES;
				CLANG_WARN_UNGUARDED_AVAILABILITY = YES_AGGRESSIVE;
				CLANG_WARN_UNREACHABLE_CODE = YES;
				CLANG_WARN__DUPLICATE_METHOD_MATCH = YES;
				COPY_PHASE_STRIP = NO;
				DEBUG_INFORMATION_FORMAT = dwarf;
				ENABLE_STRICT_OBJC_MSGSEND = YES;
				ENABLE_TESTABILITY = YES;
				GCC_C_LANGUAGE_STANDARD = gnu11;
				GCC_DYNAMIC_NO_PIC = NO;
				GCC_NO_COMMON_BLOCKS = YES;
				GCC_OPTIMIZATION_LEVEL = 0;
				GCC_PREPROCESSOR_DEFINITIONS = (
					"DEBUG=1",
					"$(inherited)",
				);
				GCC_WARN_64_TO_32_BIT_CONVERSION = YES;
				GCC_WARN_ABOUT_RETURN_TYPE = YES_ERROR;
				GCC_WARN_UNDECLARED_SELECTOR = YES;
				GCC_WARN_UNINITIALIZED_AUTOS = YES_AGGRESSIVE;
				GCC_WARN_UNUSED_FUNCTION = YES;
				GCC_WARN_UNUSED_VARIABLE = YES;
				IPHONEOS_DEPLOYMENT_TARGET = 14.4;
				MTL_ENABLE_DEBUG_INFO = INCLUDE_SOURCE;
				MTL_FAST_MATH = YES;
				ONLY_ACTIVE_ARCH = YES;
				SDKROOT = iphoneos;
				SWIFT_ACTIVE_COMPILATION_CONDITIONS = DEBUG;
				SWIFT_OPTIMIZATION_LEVEL = "-Onone";
			};
			name = Debug;
		};
		EA9C5AAD25EE7AD2009A71BF /* Release */ = {
			isa = XCBuildConfiguration;
			buildSettings = {
				ALWAYS_SEARCH_USER_PATHS = NO;
				CLANG_ANALYZER_NONNULL = YES;
				CLANG_ANALYZER_NUMBER_OBJECT_CONVERSION = YES_AGGRESSIVE;
				CLANG_CXX_LANGUAGE_STANDARD = "gnu++14";
				CLANG_CXX_LIBRARY = "libc++";
				CLANG_ENABLE_MODULES = YES;
				CLANG_ENABLE_OBJC_ARC = YES;
				CLANG_ENABLE_OBJC_WEAK = YES;
				CLANG_WARN_BLOCK_CAPTURE_AUTORELEASING = YES;
				CLANG_WARN_BOOL_CONVERSION = YES;
				CLANG_WARN_COMMA = YES;
				CLANG_WARN_CONSTANT_CONVERSION = YES;
				CLANG_WARN_DEPRECATED_OBJC_IMPLEMENTATIONS = YES;
				CLANG_WARN_DIRECT_OBJC_ISA_USAGE = YES_ERROR;
				CLANG_WARN_DOCUMENTATION_COMMENTS = YES;
				CLANG_WARN_EMPTY_BODY = YES;
				CLANG_WARN_ENUM_CONVERSION = YES;
				CLANG_WARN_INFINITE_RECURSION = YES;
				CLANG_WARN_INT_CONVERSION = YES;
				CLANG_WARN_NON_LITERAL_NULL_CONVERSION = YES;
				CLANG_WARN_OBJC_IMPLICIT_RETAIN_SELF = YES;
				CLANG_WARN_OBJC_LITERAL_CONVERSION = YES;
				CLANG_WARN_OBJC_ROOT_CLASS = YES_ERROR;
				CLANG_WARN_QUOTED_INCLUDE_IN_FRAMEWORK_HEADER = YES;
				CLANG_WARN_RANGE_LOOP_ANALYSIS = YES;
				CLANG_WARN_STRICT_PROTOTYPES = YES;
				CLANG_WARN_SUSPICIOUS_MOVE = YES;
				CLANG_WARN_UNGUARDED_AVAILABILITY = YES_AGGRESSIVE;
				CLANG_WARN_UNREACHABLE_CODE = YES;
				CLANG_WARN__DUPLICATE_METHOD_MATCH = YES;
				COPY_PHASE_STRIP = NO;
				DEBUG_INFORMATION_FORMAT = "dwarf-with-dsym";
				ENABLE_NS_ASSERTIONS = NO;
				ENABLE_STRICT_OBJC_MSGSEND = YES;
				GCC_C_LANGUAGE_STANDARD = gnu11;
				GCC_NO_COMMON_BLOCKS = YES;
				GCC_WARN_64_TO_32_BIT_CONVERSION = YES;
				GCC_WARN_ABOUT_RETURN_TYPE = YES_ERROR;
				GCC_WARN_UNDECLARED_SELECTOR = YES;
				GCC_WARN_UNINITIALIZED_AUTOS = YES_AGGRESSIVE;
				GCC_WARN_UNUSED_FUNCTION = YES;
				GCC_WARN_UNUSED_VARIABLE = YES;
				IPHONEOS_DEPLOYMENT_TARGET = 14.4;
				MTL_ENABLE_DEBUG_INFO = NO;
				MTL_FAST_MATH = YES;
				SDKROOT = iphoneos;
				SWIFT_COMPILATION_MODE = wholemodule;
				SWIFT_OPTIMIZATION_LEVEL = "-O";
				VALIDATE_PRODUCT = YES;
			};
			name = Release;
		};
		EA9C5AAF25EE7AD2009A71BF /* Debug */ = {
			isa = XCBuildConfiguration;
			baseConfigurationReference = CF192174225CD6051DCEE607 /* Pods-Calendary.debug.xcconfig */;
			buildSettings = {
				ASSETCATALOG_COMPILER_APPICON_NAME = AppIcon;
				ASSETCATALOG_COMPILER_GLOBAL_ACCENT_COLOR_NAME = AccentColor;
				CODE_SIGN_STYLE = Automatic;
				DEVELOPMENT_TEAM = U53BLS7M93;
				INFOPLIST_FILE = Calendary/Info.plist;
				LD_RUNPATH_SEARCH_PATHS = (
					"$(inherited)",
					"@executable_path/Frameworks",
				);
				PRODUCT_BUNDLE_IDENTIFIER = key.Calendary;
				PRODUCT_NAME = "$(TARGET_NAME)";
				SWIFT_VERSION = 5.0;
				TARGETED_DEVICE_FAMILY = "1,2";
			};
			name = Debug;
		};
		EA9C5AB025EE7AD2009A71BF /* Release */ = {
			isa = XCBuildConfiguration;
			baseConfigurationReference = 1ABB5BDA67291D6B019A979D /* Pods-Calendary.release.xcconfig */;
			buildSettings = {
				ASSETCATALOG_COMPILER_APPICON_NAME = AppIcon;
				ASSETCATALOG_COMPILER_GLOBAL_ACCENT_COLOR_NAME = AccentColor;
				CODE_SIGN_STYLE = Automatic;
				DEVELOPMENT_TEAM = U53BLS7M93;
				INFOPLIST_FILE = Calendary/Info.plist;
				LD_RUNPATH_SEARCH_PATHS = (
					"$(inherited)",
					"@executable_path/Frameworks",
				);
				PRODUCT_BUNDLE_IDENTIFIER = key.Calendary;
				PRODUCT_NAME = "$(TARGET_NAME)";
				SWIFT_VERSION = 5.0;
				TARGETED_DEVICE_FAMILY = "1,2";
			};
			name = Release;
		};
		EA9C5AB225EE7AD2009A71BF /* Debug */ = {
			isa = XCBuildConfiguration;
			baseConfigurationReference = 51B9106B3AAE89DE6DD6E080 /* Pods-CalendaryTests.debug.xcconfig */;
			buildSettings = {
				ALWAYS_EMBED_SWIFT_STANDARD_LIBRARIES = YES;
				BUNDLE_LOADER = "$(TEST_HOST)";
				CODE_SIGN_STYLE = Automatic;
				DEVELOPMENT_TEAM = U53BLS7M93;
				INFOPLIST_FILE = CalendaryTests/Info.plist;
				IPHONEOS_DEPLOYMENT_TARGET = 14.4;
				LD_RUNPATH_SEARCH_PATHS = (
					"$(inherited)",
					"@executable_path/Frameworks",
					"@loader_path/Frameworks",
				);
				PRODUCT_BUNDLE_IDENTIFIER = key.CalendaryTests;
				PRODUCT_NAME = "$(TARGET_NAME)";
				SWIFT_VERSION = 5.0;
				TARGETED_DEVICE_FAMILY = "1,2";
				TEST_HOST = "$(BUILT_PRODUCTS_DIR)/Calendary.app/Calendary";
			};
			name = Debug;
		};
		EA9C5AB325EE7AD2009A71BF /* Release */ = {
			isa = XCBuildConfiguration;
			baseConfigurationReference = F6FD25127C645BF16E8088D9 /* Pods-CalendaryTests.release.xcconfig */;
			buildSettings = {
				ALWAYS_EMBED_SWIFT_STANDARD_LIBRARIES = YES;
				BUNDLE_LOADER = "$(TEST_HOST)";
				CODE_SIGN_STYLE = Automatic;
				DEVELOPMENT_TEAM = U53BLS7M93;
				INFOPLIST_FILE = CalendaryTests/Info.plist;
				IPHONEOS_DEPLOYMENT_TARGET = 14.4;
				LD_RUNPATH_SEARCH_PATHS = (
					"$(inherited)",
					"@executable_path/Frameworks",
					"@loader_path/Frameworks",
				);
				PRODUCT_BUNDLE_IDENTIFIER = key.CalendaryTests;
				PRODUCT_NAME = "$(TARGET_NAME)";
				SWIFT_VERSION = 5.0;
				TARGETED_DEVICE_FAMILY = "1,2";
				TEST_HOST = "$(BUILT_PRODUCTS_DIR)/Calendary.app/Calendary";
			};
			name = Release;
		};
		EA9C5AB525EE7AD2009A71BF /* Debug */ = {
			isa = XCBuildConfiguration;
			baseConfigurationReference = FEA9A077BECE4C5B45047B29 /* Pods-Calendary-CalendaryUITests.debug.xcconfig */;
			buildSettings = {
				ALWAYS_EMBED_SWIFT_STANDARD_LIBRARIES = YES;
				CODE_SIGN_STYLE = Automatic;
				DEVELOPMENT_TEAM = U53BLS7M93;
				INFOPLIST_FILE = CalendaryUITests/Info.plist;
				LD_RUNPATH_SEARCH_PATHS = (
					"$(inherited)",
					"@executable_path/Frameworks",
					"@loader_path/Frameworks",
				);
				PRODUCT_BUNDLE_IDENTIFIER = key.CalendaryUITests;
				PRODUCT_NAME = "$(TARGET_NAME)";
				SWIFT_VERSION = 5.0;
				TARGETED_DEVICE_FAMILY = "1,2";
				TEST_TARGET_NAME = Calendary;
			};
			name = Debug;
		};
		EA9C5AB625EE7AD2009A71BF /* Release */ = {
			isa = XCBuildConfiguration;
			baseConfigurationReference = 09E9D408F06583A7E8BDD724 /* Pods-Calendary-CalendaryUITests.release.xcconfig */;
			buildSettings = {
				ALWAYS_EMBED_SWIFT_STANDARD_LIBRARIES = YES;
				CODE_SIGN_STYLE = Automatic;
				DEVELOPMENT_TEAM = U53BLS7M93;
				INFOPLIST_FILE = CalendaryUITests/Info.plist;
				LD_RUNPATH_SEARCH_PATHS = (
					"$(inherited)",
					"@executable_path/Frameworks",
					"@loader_path/Frameworks",
				);
				PRODUCT_BUNDLE_IDENTIFIER = key.CalendaryUITests;
				PRODUCT_NAME = "$(TARGET_NAME)";
				SWIFT_VERSION = 5.0;
				TARGETED_DEVICE_FAMILY = "1,2";
				TEST_TARGET_NAME = Calendary;
			};
			name = Release;
		};
/* End XCBuildConfiguration section */

/* Begin XCConfigurationList section */
		EA9C5A7F25EE7ACF009A71BF /* Build configuration list for PBXProject "Calendary" */ = {
			isa = XCConfigurationList;
			buildConfigurations = (
				EA9C5AAC25EE7AD2009A71BF /* Debug */,
				EA9C5AAD25EE7AD2009A71BF /* Release */,
			);
			defaultConfigurationIsVisible = 0;
			defaultConfigurationName = Release;
		};
		EA9C5AAE25EE7AD2009A71BF /* Build configuration list for PBXNativeTarget "Calendary" */ = {
			isa = XCConfigurationList;
			buildConfigurations = (
				EA9C5AAF25EE7AD2009A71BF /* Debug */,
				EA9C5AB025EE7AD2009A71BF /* Release */,
			);
			defaultConfigurationIsVisible = 0;
			defaultConfigurationName = Release;
		};
		EA9C5AB125EE7AD2009A71BF /* Build configuration list for PBXNativeTarget "CalendaryTests" */ = {
			isa = XCConfigurationList;
			buildConfigurations = (
				EA9C5AB225EE7AD2009A71BF /* Debug */,
				EA9C5AB325EE7AD2009A71BF /* Release */,
			);
			defaultConfigurationIsVisible = 0;
			defaultConfigurationName = Release;
		};
		EA9C5AB425EE7AD2009A71BF /* Build configuration list for PBXNativeTarget "CalendaryUITests" */ = {
			isa = XCConfigurationList;
			buildConfigurations = (
				EA9C5AB525EE7AD2009A71BF /* Debug */,
				EA9C5AB625EE7AD2009A71BF /* Release */,
			);
			defaultConfigurationIsVisible = 0;
			defaultConfigurationName = Release;
		};
/* End XCConfigurationList section */
	};
	rootObject = EA9C5A7C25EE7ACF009A71BF /* Project object */;
}
